github.com/tarekbadrshalaan/gomodulesdepone v1.0.0 h1:1pKPlSx+gEyqaiXcGcnMruta6x2smtJl1+skwCt8NwY=
github.com/tarekbadrshalaan/gomodulesdepone v1.0.0/go.mod h1:EbpJ5EODnyr+dkoaEwULTBFSTZk4F4PvPvUJn2oyJEg=
github.com/tarekbadrshalaan/gomodulesdepone v1.0.1 h1:bplEkFAiwwR75WlqkLX66+2+0N4EGZMEIsDC2BounW8=
github.com/tarekbadrshalaan/gomodulesdepone v1.0.1/go.mod h1:EbpJ5EODnyr+dkoaEwULTBFSTZk4F4PvPvUJn2oyJEg=
